
Microsoft Visual Studio Solution File, Format Version 12.00
# Visual Studio 2012
Project("{E24C65DC-7377-472B-9ABA-BC803B73C61A}") = "task1", "task1\", "{3D45B812-7645-487F-B0FE-246FA8B44859}"
	ProjectSection(WebsiteProperties) = preProject
		TargetFrameworkMoniker = ".NETFramework,Version%3Dv4.0"
		Debug.AspNetCompiler.VirtualPath = "/task1"
		Debug.AspNetCompiler.PhysicalPath = "task1\"
		Debug.AspNetCompiler.TargetPath = "PrecompiledWeb\task1\"
		Debug.AspNetCompiler.Updateable = "true"
		Debug.AspNetCompiler.ForceOverwrite = "true"
		Debug.AspNetCompiler.FixedNames = "false"
		Debug.AspNetCompiler.Debug = "True"
		Release.AspNetCompiler.VirtualPath = "/task1"
		Release.AspNetCompiler.PhysicalPath = "task1\"
		Release.AspNetCompiler.TargetPath = "PrecompiledWeb\task1\"
		Release.AspNetCompiler.Updateable = "true"
		Release.AspNetCompiler.ForceOverwrite = "true"
		Release.AspNetCompiler.FixedNames = "false"
		Release.AspNetCompiler.Debug = "False"
		VWDPort = "62720"
	EndProjectSection
EndProject
Project("{E24C65DC-7377-472B-9ABA-BC803B73C61A}") = "task2", "task2\", "{83CE0254-9ABC-4659-A51E-693E5515F974}"
	ProjectSection(WebsiteProperties) = preProject
		TargetFrameworkMoniker = ".NETFramework,Version%3Dv4.0"
		Debug.AspNetCompiler.VirtualPath = "/task2"
		Debug.AspNetCompiler.PhysicalPath = "task2\"
		Debug.AspNetCompiler.TargetPath = "PrecompiledWeb\task2\"
		Debug.AspNetCompiler.Updateable = "true"
		Debug.AspNetCompiler.ForceOverwrite = "true"
		Debug.AspNetCompiler.FixedNames = "false"
		Debug.AspNetCompiler.Debug = "True"
		Release.AspNetCompiler.VirtualPath = "/task2"
		Release.AspNetCompiler.PhysicalPath = "task2\"
		Release.AspNetCompiler.TargetPath = "PrecompiledWeb\task2\"
		Release.AspNetCompiler.Updateable = "true"
		Release.AspNetCompiler.ForceOverwrite = "true"
		Release.AspNetCompiler.FixedNames = "false"
		Release.AspNetCompiler.Debug = "False"
		VWDPort = "62721"
	EndProjectSection
EndProject
Project("{E24C65DC-7377-472B-9ABA-BC803B73C61A}") = "task3", "task3\", "{5D4EB996-00B2-48AB-9C66-DD8D14B70349}"
	ProjectSection(WebsiteProperties) = preProject
		TargetFrameworkMoniker = ".NETFramework,Version%3Dv4.0"
		Debug.AspNetCompiler.VirtualPath = "/task3"
		Debug.AspNetCompiler.PhysicalPath = "task3\"
		Debug.AspNetCompiler.TargetPath = "PrecompiledWeb\task3\"
		Debug.AspNetCompiler.Updateable = "true"
		Debug.AspNetCompiler.ForceOverwrite = "true"
		Debug.AspNetCompiler.FixedNames = "false"
		Debug.AspNetCompiler.Debug = "True"
		Release.AspNetCompiler.VirtualPath = "/task3"
		Release.AspNetCompiler.PhysicalPath = "task3\"
		Release.AspNetCompiler.TargetPath = "PrecompiledWeb\task3\"
		Release.AspNetCompiler.Updateable = "true"
		Release.AspNetCompiler.ForceOverwrite = "true"
		Release.AspNetCompiler.FixedNames = "false"
		Release.AspNetCompiler.Debug = "False"
		VWDPort = "62723"
	EndProjectSection
EndProject
Global
	GlobalSection(SolutionConfigurationPlatforms) = preSolution
		Debug|Any CPU = Debug|Any CPU
	EndGlobalSection
	GlobalSection(ProjectConfigurationPlatforms) = postSolution
		{3D45B812-7645-487F-B0FE-246FA8B44859}.Debug|Any CPU.ActiveCfg = Debug|Any CPU
		{3D45B812-7645-487F-B0FE-246FA8B44859}.Debug|Any CPU.Build.0 = Debug|Any CPU
		{83CE0254-9ABC-4659-A51E-693E5515F974}.Debug|Any CPU.ActiveCfg = Debug|Any CPU
		{83CE0254-9ABC-4659-A51E-693E5515F974}.Debug|Any CPU.Build.0 = Debug|Any CPU
		{5D4EB996-00B2-48AB-9C66-DD8D14B70349}.Debug|Any CPU.ActiveCfg = Debug|Any CPU
		{5D4EB996-00B2-48AB-9C66-DD8D14B70349}.Debug|Any CPU.Build.0 = Debug|Any CPU
	EndGlobalSection
	GlobalSection(SolutionProperties) = preSolution
		HideSolutionNode = FALSE
	EndGlobalSection
EndGlobal
