
Microsoft Visual Studio Solution File, Format Version 12.00
# Visual Studio 2013
VisualStudioVersion = 12.0.31101.0
MinimumVisualStudioVersion = 10.0.40219.1
Project("{FAE04EC0-301F-11D3-BF4B-00C04F79EFBC}") = "Task1", "HomeworkNamingIdentifiers\Task1.csproj", "{396CBC84-71CE-4EA8-A1E3-222960FADE3A}"
EndProject
Project("{FAE04EC0-301F-11D3-BF4B-00C04F79EFBC}") = "Task2", "Task2\Task2.csproj", "{08D6F20B-6D41-407C-8F49-F79F08880912}"
EndProject
Project("{E24C65DC-7377-472B-9ABA-BC803B73C61A}") = "Task3(6)", "http://localhost:57199", "{1C7093E5-6168-4F54-B46F-40BD1A5864D6}"
	ProjectSection(WebsiteProperties) = preProject
		UseIISExpress = "true"
		TargetFrameworkMoniker = ".NETFramework,Version%3Dv4.5"
		Debug.AspNetCompiler.VirtualPath = "/localhost_57199"
		Debug.AspNetCompiler.PhysicalPath = "Task3\"
		Debug.AspNetCompiler.TargetPath = "PrecompiledWeb\localhost_57199\"
		Debug.AspNetCompiler.Updateable = "true"
		Debug.AspNetCompiler.ForceOverwrite = "true"
		Debug.AspNetCompiler.FixedNames = "false"
		Debug.AspNetCompiler.Debug = "True"
		Release.AspNetCompiler.VirtualPath = "/localhost_57199"
		Release.AspNetCompiler.PhysicalPath = "Task3\"
		Release.AspNetCompiler.TargetPath = "PrecompiledWeb\localhost_57199\"
		Release.AspNetCompiler.Updateable = "true"
		Release.AspNetCompiler.ForceOverwrite = "true"
		Release.AspNetCompiler.FixedNames = "false"
		Release.AspNetCompiler.Debug = "False"
		SlnRelativePath = "Task3\"
		DefaultWebSiteLanguage = "Visual Basic"
	EndProjectSection
EndProject
Project("{FAE04EC0-301F-11D3-BF4B-00C04F79EFBC}") = "GameMines", "GameMine\GameMines.csproj", "{1F248226-0AF0-47C8-A562-5429D11D0E36}"
EndProject
Global
	GlobalSection(SolutionConfigurationPlatforms) = preSolution
		Debug|Any CPU = Debug|Any CPU
		Release|Any CPU = Release|Any CPU
	EndGlobalSection
	GlobalSection(ProjectConfigurationPlatforms) = postSolution
		{396CBC84-71CE-4EA8-A1E3-222960FADE3A}.Debug|Any CPU.ActiveCfg = Debug|Any CPU
		{396CBC84-71CE-4EA8-A1E3-222960FADE3A}.Debug|Any CPU.Build.0 = Debug|Any CPU
		{396CBC84-71CE-4EA8-A1E3-222960FADE3A}.Release|Any CPU.ActiveCfg = Release|Any CPU
		{396CBC84-71CE-4EA8-A1E3-222960FADE3A}.Release|Any CPU.Build.0 = Release|Any CPU
		{08D6F20B-6D41-407C-8F49-F79F08880912}.Debug|Any CPU.ActiveCfg = Debug|Any CPU
		{08D6F20B-6D41-407C-8F49-F79F08880912}.Debug|Any CPU.Build.0 = Debug|Any CPU
		{08D6F20B-6D41-407C-8F49-F79F08880912}.Release|Any CPU.ActiveCfg = Release|Any CPU
		{08D6F20B-6D41-407C-8F49-F79F08880912}.Release|Any CPU.Build.0 = Release|Any CPU
		{1C7093E5-6168-4F54-B46F-40BD1A5864D6}.Debug|Any CPU.ActiveCfg = Debug|Any CPU
		{1C7093E5-6168-4F54-B46F-40BD1A5864D6}.Debug|Any CPU.Build.0 = Debug|Any CPU
		{1C7093E5-6168-4F54-B46F-40BD1A5864D6}.Release|Any CPU.ActiveCfg = Debug|Any CPU
		{1C7093E5-6168-4F54-B46F-40BD1A5864D6}.Release|Any CPU.Build.0 = Debug|Any CPU
		{1F248226-0AF0-47C8-A562-5429D11D0E36}.Debug|Any CPU.ActiveCfg = Debug|Any CPU
		{1F248226-0AF0-47C8-A562-5429D11D0E36}.Debug|Any CPU.Build.0 = Debug|Any CPU
		{1F248226-0AF0-47C8-A562-5429D11D0E36}.Release|Any CPU.ActiveCfg = Release|Any CPU
		{1F248226-0AF0-47C8-A562-5429D11D0E36}.Release|Any CPU.Build.0 = Release|Any CPU
	EndGlobalSection
	GlobalSection(SolutionProperties) = preSolution
		HideSolutionNode = FALSE
	EndGlobalSection
EndGlobal
