
Microsoft Visual Studio Solution File, Format Version 12.00
# Visual Studio 2013
VisualStudioVersion = 12.0.31101.0
MinimumVisualStudioVersion = 10.0.40219.1
Project("{FAE04EC0-301F-11D3-BF4B-00C04F79EFBC}") = "1.ClassChef", "ClassChef\1.ClassChef.csproj", "{7025B1A9-543F-46DD-828B-A7BE6CA350C5}"
EndProject
Project("{FAE04EC0-301F-11D3-BF4B-00C04F79EFBC}") = "2.RefactorIfStatements", "RefactorIfStatements\2.RefactorIfStatements.csproj", "{2B2A0831-CBF3-4176-974A-3925BA823603}"
EndProject
Project("{FAE04EC0-301F-11D3-BF4B-00C04F79EFBC}") = "3.RefactorLoop", "RefactorLoop\3.RefactorLoop.csproj", "{13CF0F06-21DF-4006-96DA-F1911B2A4A27}"
EndProject
Global
	GlobalSection(SolutionConfigurationPlatforms) = preSolution
		Debug|Any CPU = Debug|Any CPU
		Release|Any CPU = Release|Any CPU
	EndGlobalSection
	GlobalSection(ProjectConfigurationPlatforms) = postSolution
		{7025B1A9-543F-46DD-828B-A7BE6CA350C5}.Debug|Any CPU.ActiveCfg = Debug|Any CPU
		{7025B1A9-543F-46DD-828B-A7BE6CA350C5}.Debug|Any CPU.Build.0 = Debug|Any CPU
		{7025B1A9-543F-46DD-828B-A7BE6CA350C5}.Release|Any CPU.ActiveCfg = Release|Any CPU
		{7025B1A9-543F-46DD-828B-A7BE6CA350C5}.Release|Any CPU.Build.0 = Release|Any CPU
		{2B2A0831-CBF3-4176-974A-3925BA823603}.Debug|Any CPU.ActiveCfg = Debug|Any CPU
		{2B2A0831-CBF3-4176-974A-3925BA823603}.Debug|Any CPU.Build.0 = Debug|Any CPU
		{2B2A0831-CBF3-4176-974A-3925BA823603}.Release|Any CPU.ActiveCfg = Release|Any CPU
		{2B2A0831-CBF3-4176-974A-3925BA823603}.Release|Any CPU.Build.0 = Release|Any CPU
		{13CF0F06-21DF-4006-96DA-F1911B2A4A27}.Debug|Any CPU.ActiveCfg = Debug|Any CPU
		{13CF0F06-21DF-4006-96DA-F1911B2A4A27}.Debug|Any CPU.Build.0 = Debug|Any CPU
		{13CF0F06-21DF-4006-96DA-F1911B2A4A27}.Release|Any CPU.ActiveCfg = Release|Any CPU
		{13CF0F06-21DF-4006-96DA-F1911B2A4A27}.Release|Any CPU.Build.0 = Release|Any CPU
	EndGlobalSection
	GlobalSection(SolutionProperties) = preSolution
		HideSolutionNode = FALSE
	EndGlobalSection
EndGlobal
