
Microsoft Visual Studio Solution File, Format Version 12.00
# Visual Studio 2012
Project("{E24C65DC-7377-472B-9ABA-BC803B73C61A}") = "Primeren_izpit_zad1", "http://localhost:51604", "{29842275-EB34-4D3F-A53F-D85561C38824}"
	ProjectSection(WebsiteProperties) = preProject
		UseIISExpress = "true"
		TargetFrameworkMoniker = ".NETFramework,Version%3Dv4.5"
		Debug.AspNetCompiler.VirtualPath = "/localhost_51604"
		Debug.AspNetCompiler.PhysicalPath = "Primeren_izpit_zad1\"
		Debug.AspNetCompiler.TargetPath = "PrecompiledWeb\localhost_51604\"
		Debug.AspNetCompiler.Updateable = "true"
		Debug.AspNetCompiler.ForceOverwrite = "true"
		Debug.AspNetCompiler.FixedNames = "false"
		Debug.AspNetCompiler.Debug = "True"
		Release.AspNetCompiler.VirtualPath = "/localhost_51604"
		Release.AspNetCompiler.PhysicalPath = "Primeren_izpit_zad1\"
		Release.AspNetCompiler.TargetPath = "PrecompiledWeb\localhost_51604\"
		Release.AspNetCompiler.Updateable = "true"
		Release.AspNetCompiler.ForceOverwrite = "true"
		Release.AspNetCompiler.FixedNames = "false"
		Release.AspNetCompiler.Debug = "False"
		SlnRelativePath = "Primeren_izpit_zad1\"
		DefaultWebSiteLanguage = "Visual C#"
	EndProjectSection
EndProject
Project("{E24C65DC-7377-472B-9ABA-BC803B73C61A}") = "Primeren_izpit_zad2", "http://localhost:52729", "{613E62DF-122F-4B4C-BA1C-7136118F24CF}"
	ProjectSection(WebsiteProperties) = preProject
		UseIISExpress = "true"
		TargetFrameworkMoniker = ".NETFramework,Version%3Dv4.5"
		Debug.AspNetCompiler.VirtualPath = "/localhost_52729"
		Debug.AspNetCompiler.PhysicalPath = "Primeren_izpit_zad2\"
		Debug.AspNetCompiler.TargetPath = "PrecompiledWeb\localhost_52729\"
		Debug.AspNetCompiler.Updateable = "true"
		Debug.AspNetCompiler.ForceOverwrite = "true"
		Debug.AspNetCompiler.FixedNames = "false"
		Debug.AspNetCompiler.Debug = "True"
		Release.AspNetCompiler.VirtualPath = "/localhost_52729"
		Release.AspNetCompiler.PhysicalPath = "Primeren_izpit_zad2\"
		Release.AspNetCompiler.TargetPath = "PrecompiledWeb\localhost_52729\"
		Release.AspNetCompiler.Updateable = "true"
		Release.AspNetCompiler.ForceOverwrite = "true"
		Release.AspNetCompiler.FixedNames = "false"
		Release.AspNetCompiler.Debug = "False"
		SlnRelativePath = "Primeren_izpit_zad2\"
		DefaultWebSiteLanguage = "Visual C#"
	EndProjectSection
EndProject
Project("{E24C65DC-7377-472B-9ABA-BC803B73C61A}") = "Primeren_izpit_zad3", "http://localhost:56720", "{1C05ACDB-4142-43A0-B29B-4E72DA1533E9}"
	ProjectSection(WebsiteProperties) = preProject
		UseIISExpress = "true"
		TargetFrameworkMoniker = ".NETFramework,Version%3Dv4.5"
		Debug.AspNetCompiler.VirtualPath = "/localhost_56720"
		Debug.AspNetCompiler.PhysicalPath = "Primeren_izpit_zad3\"
		Debug.AspNetCompiler.TargetPath = "PrecompiledWeb\localhost_56720\"
		Debug.AspNetCompiler.Updateable = "true"
		Debug.AspNetCompiler.ForceOverwrite = "true"
		Debug.AspNetCompiler.FixedNames = "false"
		Debug.AspNetCompiler.Debug = "True"
		Release.AspNetCompiler.VirtualPath = "/localhost_56720"
		Release.AspNetCompiler.PhysicalPath = "Primeren_izpit_zad3\"
		Release.AspNetCompiler.TargetPath = "PrecompiledWeb\localhost_56720\"
		Release.AspNetCompiler.Updateable = "true"
		Release.AspNetCompiler.ForceOverwrite = "true"
		Release.AspNetCompiler.FixedNames = "false"
		Release.AspNetCompiler.Debug = "False"
		SlnRelativePath = "Primeren_izpit_zad3\"
		DefaultWebSiteLanguage = "Visual C#"
	EndProjectSection
EndProject
Global
	GlobalSection(SolutionConfigurationPlatforms) = preSolution
		Debug|Any CPU = Debug|Any CPU
	EndGlobalSection
	GlobalSection(ProjectConfigurationPlatforms) = postSolution
		{29842275-EB34-4D3F-A53F-D85561C38824}.Debug|Any CPU.ActiveCfg = Debug|Any CPU
		{29842275-EB34-4D3F-A53F-D85561C38824}.Debug|Any CPU.Build.0 = Debug|Any CPU
		{613E62DF-122F-4B4C-BA1C-7136118F24CF}.Debug|Any CPU.ActiveCfg = Debug|Any CPU
		{613E62DF-122F-4B4C-BA1C-7136118F24CF}.Debug|Any CPU.Build.0 = Debug|Any CPU
		{1C05ACDB-4142-43A0-B29B-4E72DA1533E9}.Debug|Any CPU.ActiveCfg = Debug|Any CPU
		{1C05ACDB-4142-43A0-B29B-4E72DA1533E9}.Debug|Any CPU.Build.0 = Debug|Any CPU
	EndGlobalSection
	GlobalSection(SolutionProperties) = preSolution
		HideSolutionNode = FALSE
	EndGlobalSection
EndGlobal
