
Microsoft Visual Studio Solution File, Format Version 12.00
# Visual Studio 2012
Project("{E24C65DC-7377-472B-9ABA-BC803B73C61A}") = "Task1", "Task1\", "{36E70D73-C444-493A-B268-6AEAF3F98D7D}"
	ProjectSection(WebsiteProperties) = preProject
		TargetFrameworkMoniker = ".NETFramework,Version%3Dv4.5"
		Debug.AspNetCompiler.VirtualPath = "/Task1"
		Debug.AspNetCompiler.PhysicalPath = "Task1\"
		Debug.AspNetCompiler.TargetPath = "PrecompiledWeb\Task1\"
		Debug.AspNetCompiler.Updateable = "true"
		Debug.AspNetCompiler.ForceOverwrite = "true"
		Debug.AspNetCompiler.FixedNames = "false"
		Debug.AspNetCompiler.Debug = "True"
		Release.AspNetCompiler.VirtualPath = "/Task1"
		Release.AspNetCompiler.PhysicalPath = "Task1\"
		Release.AspNetCompiler.TargetPath = "PrecompiledWeb\Task1\"
		Release.AspNetCompiler.Updateable = "true"
		Release.AspNetCompiler.ForceOverwrite = "true"
		Release.AspNetCompiler.FixedNames = "false"
		Release.AspNetCompiler.Debug = "False"
		VWDPort = "60205"
	EndProjectSection
EndProject
Project("{E24C65DC-7377-472B-9ABA-BC803B73C61A}") = "Task2", "http://localhost:61542", "{94AA989D-7762-400D-91D6-73BF5992ED8E}"
	ProjectSection(WebsiteProperties) = preProject
		UseIISExpress = "true"
		TargetFrameworkMoniker = ".NETFramework,Version%3Dv4.5"
		Debug.AspNetCompiler.VirtualPath = "/localhost_61542"
		Debug.AspNetCompiler.PhysicalPath = "Task2\"
		Debug.AspNetCompiler.TargetPath = "PrecompiledWeb\localhost_61542\"
		Debug.AspNetCompiler.Updateable = "true"
		Debug.AspNetCompiler.ForceOverwrite = "true"
		Debug.AspNetCompiler.FixedNames = "false"
		Debug.AspNetCompiler.Debug = "True"
		Release.AspNetCompiler.VirtualPath = "/localhost_61542"
		Release.AspNetCompiler.PhysicalPath = "Task2\"
		Release.AspNetCompiler.TargetPath = "PrecompiledWeb\localhost_61542\"
		Release.AspNetCompiler.Updateable = "true"
		Release.AspNetCompiler.ForceOverwrite = "true"
		Release.AspNetCompiler.FixedNames = "false"
		Release.AspNetCompiler.Debug = "False"
		SlnRelativePath = "Task2\"
		DefaultWebSiteLanguage = "Visual C#"
	EndProjectSection
EndProject
Project("{E24C65DC-7377-472B-9ABA-BC803B73C61A}") = "Task3", "http://localhost:62481", "{D0583AFE-83DB-4E16-98FB-A1445EFCE3A5}"
	ProjectSection(WebsiteProperties) = preProject
		UseIISExpress = "true"
		TargetFrameworkMoniker = ".NETFramework,Version%3Dv4.5"
		Debug.AspNetCompiler.VirtualPath = "/localhost_62481"
		Debug.AspNetCompiler.PhysicalPath = "Task3\"
		Debug.AspNetCompiler.TargetPath = "PrecompiledWeb\localhost_62481\"
		Debug.AspNetCompiler.Updateable = "true"
		Debug.AspNetCompiler.ForceOverwrite = "true"
		Debug.AspNetCompiler.FixedNames = "false"
		Debug.AspNetCompiler.Debug = "True"
		Release.AspNetCompiler.VirtualPath = "/localhost_62481"
		Release.AspNetCompiler.PhysicalPath = "Task3\"
		Release.AspNetCompiler.TargetPath = "PrecompiledWeb\localhost_62481\"
		Release.AspNetCompiler.Updateable = "true"
		Release.AspNetCompiler.ForceOverwrite = "true"
		Release.AspNetCompiler.FixedNames = "false"
		Release.AspNetCompiler.Debug = "False"
		SlnRelativePath = "Task3\"
		DefaultWebSiteLanguage = "Visual C#"
	EndProjectSection
EndProject
Global
	GlobalSection(SolutionConfigurationPlatforms) = preSolution
		Debug|Any CPU = Debug|Any CPU
	EndGlobalSection
	GlobalSection(ProjectConfigurationPlatforms) = postSolution
		{36E70D73-C444-493A-B268-6AEAF3F98D7D}.Debug|Any CPU.ActiveCfg = Debug|Any CPU
		{36E70D73-C444-493A-B268-6AEAF3F98D7D}.Debug|Any CPU.Build.0 = Debug|Any CPU
		{94AA989D-7762-400D-91D6-73BF5992ED8E}.Debug|Any CPU.ActiveCfg = Debug|Any CPU
		{94AA989D-7762-400D-91D6-73BF5992ED8E}.Debug|Any CPU.Build.0 = Debug|Any CPU
		{D0583AFE-83DB-4E16-98FB-A1445EFCE3A5}.Debug|Any CPU.ActiveCfg = Debug|Any CPU
		{D0583AFE-83DB-4E16-98FB-A1445EFCE3A5}.Debug|Any CPU.Build.0 = Debug|Any CPU
	EndGlobalSection
	GlobalSection(SolutionProperties) = preSolution
		HideSolutionNode = FALSE
	EndGlobalSection
EndGlobal
